
Microsoft Visual Studio Solution File, Format Version 12.00
# Visual Studio 15
VisualStudioVersion = 15.0.28307.421
MinimumVisualStudioVersion = 10.0.40219.1
Project("{FAE04EC0-301F-11D3-BF4B-00C04F79EFBC}") = "GreenCoords", "GreenCoords.csproj", "{61358F2B-6942-44CB-AD50-43715FBD4AE2}"
EndProject
Global
	GlobalSection(SolutionConfigurationPlatforms) = preSolution
		Debug|Any CPU = Debug|Any CPU
		Release|Any CPU = Release|Any CPU
	EndGlobalSection
	GlobalSection(ProjectConfigurationPlatforms) = postSolution
		{61358F2B-6942-44CB-AD50-43715FBD4AE2}.Debug|Any CPU.ActiveCfg = Debug|Any CPU
		{61358F2B-6942-44CB-AD50-43715FBD4AE2}.Debug|Any CPU.Build.0 = Debug|Any CPU
		{61358F2B-6942-44CB-AD50-43715FBD4AE2}.Release|Any CPU.ActiveCfg = Release|Any CPU
		{61358F2B-6942-44CB-AD50-43715FBD4AE2}.Release|Any CPU.Build.0 = Release|Any CPU
	EndGlobalSection
	GlobalSection(SolutionProperties) = preSolution
		HideSolutionNode = FALSE
	EndGlobalSection
	GlobalSection(ExtensibilityGlobals) = postSolution
		SolutionGuid = {464B78E3-39D4-42E6-A379-1962DCD152FD}
	EndGlobalSection
EndGlobal
